
Microsoft Visual Studio Solution File, Format Version 12.00
# Visual Studio 15
Project("{FAE04EC0-301F-11D3-BF4B-00C04F79EFBC}") = "Assembly-CSharp", "Assembly-CSharp.csproj", "{B4AABFF9-29C6-FECD-0F1F-E50CB33D1DEE}"
EndProject
Project("{FAE04EC0-301F-11D3-BF4B-00C04F79EFBC}") = "Assembly-CSharp-firstpass", "Assembly-CSharp-firstpass.csproj", "{DE98A92D-9DD3-536A-B178-4904B8D1FC51}"
EndProject
Project("{FAE04EC0-301F-11D3-BF4B-00C04F79EFBC}") = "Assembly-CSharp-Editor-firstpass", "Assembly-CSharp-Editor-firstpass.csproj", "{4B171FD9-AB79-6AA8-B959-DA034705FC33}"
EndProject
Global
	GlobalSection(SolutionConfigurationPlatforms) = preSolution
		Debug|Any CPU = Debug|Any CPU
		Release|Any CPU = Release|Any CPU
	EndGlobalSection
	GlobalSection(ProjectConfigurationPlatforms) = postSolution
		{B4AABFF9-29C6-FECD-0F1F-E50CB33D1DEE}.Debug|Any CPU.ActiveCfg = Debug|Any CPU
		{B4AABFF9-29C6-FECD-0F1F-E50CB33D1DEE}.Debug|Any CPU.Build.0 = Debug|Any CPU
		{B4AABFF9-29C6-FECD-0F1F-E50CB33D1DEE}.Release|Any CPU.ActiveCfg = Release|Any CPU
		{B4AABFF9-29C6-FECD-0F1F-E50CB33D1DEE}.Release|Any CPU.Build.0 = Release|Any CPU
		{DE98A92D-9DD3-536A-B178-4904B8D1FC51}.Debug|Any CPU.ActiveCfg = Debug|Any CPU
		{DE98A92D-9DD3-536A-B178-4904B8D1FC51}.Debug|Any CPU.Build.0 = Debug|Any CPU
		{DE98A92D-9DD3-536A-B178-4904B8D1FC51}.Release|Any CPU.ActiveCfg = Release|Any CPU
		{DE98A92D-9DD3-536A-B178-4904B8D1FC51}.Release|Any CPU.Build.0 = Release|Any CPU
		{4B171FD9-AB79-6AA8-B959-DA034705FC33}.Debug|Any CPU.ActiveCfg = Debug|Any CPU
		{4B171FD9-AB79-6AA8-B959-DA034705FC33}.Debug|Any CPU.Build.0 = Debug|Any CPU
		{4B171FD9-AB79-6AA8-B959-DA034705FC33}.Release|Any CPU.ActiveCfg = Release|Any CPU
		{4B171FD9-AB79-6AA8-B959-DA034705FC33}.Release|Any CPU.Build.0 = Release|Any CPU
	EndGlobalSection
	GlobalSection(SolutionProperties) = preSolution
		HideSolutionNode = FALSE
	EndGlobalSection
EndGlobal
